// !$*UTF8*$!
{
	archiveVersion = 1;
	classes = {
	};
	objectVersion = 46;
	objects = {

/* Begin PBXBuildFile section */
		113C8BD351F577D21E995765 /* libPods.a in Frameworks */ = {isa = PBXBuildFile; fileRef = 19613E723FF06FDBD39A2AC4 /* libPods.a */; };
		341390221BBEDCA900D904A4 /* AppDelegate.m in Sources */ = {isa = PBXBuildFile; fileRef = 341390201BBEDCA900D904A4 /* AppDelegate.m */; settings = {ASSET_TAGS = (); }; };
		341390231BBEDCA900D904A4 /* Assets.xcassets in Resources */ = {isa = PBXBuildFile; fileRef = 341390211BBEDCA900D904A4 /* Assets.xcassets */; settings = {ASSET_TAGS = (); }; };
		341390261BBEDCB700D904A4 /* Updater.m in Sources */ = {isa = PBXBuildFile; fileRef = 341390251BBEDCB700D904A4 /* Updater.m */; settings = {ASSET_TAGS = (); }; };
		341390281BBEDCCB00D904A4 /* Info.plist in Resources */ = {isa = PBXBuildFile; fileRef = 341390271BBEDCCB00D904A4 /* Info.plist */; settings = {ASSET_TAGS = (); }; };
		3413902A1BBEDCD800D904A4 /* NoEjectDelay_pub.pem in Resources */ = {isa = PBXBuildFile; fileRef = 341390291BBEDCD800D904A4 /* NoEjectDelay_pub.pem */; settings = {ASSET_TAGS = (); }; };
		3413902C1BBEDCFD00D904A4 /* main.m in Sources */ = {isa = PBXBuildFile; fileRef = 3413902B1BBEDCFD00D904A4 /* main.m */; settings = {ASSET_TAGS = (); }; };
		34436D2B1BBEDD6B003226AF /* 1024.png in Resources */ = {isa = PBXBuildFile; fileRef = 34436D2A1BBEDD6B003226AF /* 1024.png */; settings = {ASSET_TAGS = (); }; };
		34436D2E1BBEDD88003226AF /* MainMenu.xib in Resources */ = {isa = PBXBuildFile; fileRef = 34436D2C1BBEDD88003226AF /* MainMenu.xib */; settings = {ASSET_TAGS = (); }; };
/* End PBXBuildFile section */

/* Begin PBXFileReference section */
		19613E723FF06FDBD39A2AC4 /* libPods.a */ = {isa = PBXFileReference; explicitFileType = archive.ar; includeInIndex = 0; path = libPods.a; sourceTree = BUILT_PRODUCTS_DIR; };
		3413901F1BBEDCA900D904A4 /* AppDelegate.h */ = {isa = PBXFileReference; fileEncoding = 4; lastKnownFileType = sourcecode.c.h; name = AppDelegate.h; path = "NoEjectDelay Utility/AppDelegate.h"; sourceTree = SOURCE_ROOT; };
		341390201BBEDCA900D904A4 /* AppDelegate.m */ = {isa = PBXFileReference; fileEncoding = 4; lastKnownFileType = sourcecode.c.objc; name = AppDelegate.m; path = "NoEjectDelay Utility/AppDelegate.m"; sourceTree = SOURCE_ROOT; };
		341390211BBEDCA900D904A4 /* Assets.xcassets */ = {isa = PBXFileReference; lastKnownFileType = folder.assetcatalog; name = Assets.xcassets; path = "NoEjectDelay Utility/Assets.xcassets"; sourceTree = SOURCE_ROOT; };
		341390241BBEDCB700D904A4 /* Updater.h */ = {isa = PBXFileReference; fileEncoding = 4; lastKnownFileType = sourcecode.c.h; name = Updater.h; path = "NoEjectDelay Utility/Classes/Updater.h"; sourceTree = SOURCE_ROOT; };
		341390251BBEDCB700D904A4 /* Updater.m */ = {isa = PBXFileReference; fileEncoding = 4; lastKnownFileType = sourcecode.c.objc; name = Updater.m; path = "NoEjectDelay Utility/Classes/Updater.m"; sourceTree = SOURCE_ROOT; };
		341390271BBEDCCB00D904A4 /* Info.plist */ = {isa = PBXFileReference; fileEncoding = 4; lastKnownFileType = text.plist.xml; name = Info.plist; path = "NoEjectDelay Utility/Info.plist"; sourceTree = SOURCE_ROOT; };
		341390291BBEDCD800D904A4 /* NoEjectDelay_pub.pem */ = {isa = PBXFileReference; fileEncoding = 4; lastKnownFileType = text; name = NoEjectDelay_pub.pem; path = "NoEjectDelay Utility/Resources/NoEjectDelay_pub.pem"; sourceTree = SOURCE_ROOT; };
		3413902B1BBEDCFD00D904A4 /* main.m */ = {isa = PBXFileReference; fileEncoding = 4; lastKnownFileType = sourcecode.c.objc; name = main.m; path = "NoEjectDelay Utility/main.m"; sourceTree = SOURCE_ROOT; };
		343068E31BB27BF200EA2BD0 /* NoEjectDelay Utility.app */ = {isa = PBXFileReference; explicitFileType = wrapper.application; includeInIndex = 0; path = "NoEjectDelay Utility.app"; sourceTree = BUILT_PRODUCTS_DIR; };
		34436D2A1BBEDD6B003226AF /* 1024.png */ = {isa = PBXFileReference; lastKnownFileType = image.png; name = 1024.png; path = ../../../share/Resources/icons/1024.png; sourceTree = "<group>"; };
		34436D2D1BBEDD88003226AF /* Base */ = {isa = PBXFileReference; lastKnownFileType = file.xib; name = Base; path = "NoEjectDelay Utility/Base.lproj/MainMenu.xib"; sourceTree = SOURCE_ROOT; };
		59BBFF3A208B049105C30843 /* Pods.debug.xcconfig */ = {isa = PBXFileReference; includeInIndex = 1; lastKnownFileType = text.xcconfig; name = Pods.debug.xcconfig; path = "Pods/Target Support Files/Pods/Pods.debug.xcconfig"; sourceTree = "<group>"; };
		5A9627C4F0B281164C491B2C /* Pods.release.xcconfig */ = {isa = PBXFileReference; includeInIndex = 1; lastKnownFileType = text.xcconfig; name = Pods.release.xcconfig; path = "Pods/Target Support Files/Pods/Pods.release.xcconfig"; sourceTree = "<group>"; };
/* End PBXFileReference section */

/* Begin PBXFrameworksBuildPhase section */
		343068E01BB27BF200EA2BD0 /* Frameworks */ = {
			isa = PBXFrameworksBuildPhase;
			buildActionMask = 2147483647;
			files = (
				113C8BD351F577D21E995765 /* libPods.a in Frameworks */,
			);
			runOnlyForDeploymentPostprocessing = 0;
		};
/* End PBXFrameworksBuildPhase section */

/* Begin PBXGroup section */
		343068DA1BB27BF200EA2BD0 = {
			isa = PBXGroup;
			children = (
				343068E51BB27BF200EA2BD0 /* NoEjectDelay Utility */,
				343068E41BB27BF200EA2BD0 /* Products */,
				DCF4002436C0BFD1BE7972C8 /* Pods */,
				C5173D2E510B0B49511C3B4F /* Frameworks */,
			);
			sourceTree = "<group>";
		};
		343068E41BB27BF200EA2BD0 /* Products */ = {
			isa = PBXGroup;
			children = (
				343068E31BB27BF200EA2BD0 /* NoEjectDelay Utility.app */,
			);
			name = Products;
			sourceTree = "<group>";
		};
		343068E51BB27BF200EA2BD0 /* NoEjectDelay Utility */ = {
			isa = PBXGroup;
			children = (
				3413901F1BBEDCA900D904A4 /* AppDelegate.h */,
				341390201BBEDCA900D904A4 /* AppDelegate.m */,
				341390211BBEDCA900D904A4 /* Assets.xcassets */,
				34378C251BB2DC7900219EA4 /* Classes */,
				341390271BBEDCCB00D904A4 /* Info.plist */,
				34436D2C1BBEDD88003226AF /* MainMenu.xib */,
				34378C071BB288DA00219EA4 /* Resources */,
				343068E91BB27BF200EA2BD0 /* Supporting Files */,
			);
			name = "NoEjectDelay Utility";
			path = NoEjectDelay;
			sourceTree = "<group>";
		};
		343068E91BB27BF200EA2BD0 /* Supporting Files */ = {
			isa = PBXGroup;
			children = (
				3413902B1BBEDCFD00D904A4 /* main.m */,
			);
			name = "Supporting Files";
			sourceTree = "<group>";
		};
		34378C071BB288DA00219EA4 /* Resources */ = {
			isa = PBXGroup;
			children = (
				34436D2A1BBEDD6B003226AF /* 1024.png */,
				341390291BBEDCD800D904A4 /* NoEjectDelay_pub.pem */,
			);
			name = Resources;
			sourceTree = "<group>";
		};
		34378C251BB2DC7900219EA4 /* Classes */ = {
			isa = PBXGroup;
			children = (
				341390241BBEDCB700D904A4 /* Updater.h */,
				341390251BBEDCB700D904A4 /* Updater.m */,
			);
			name = Classes;
			sourceTree = "<group>";
		};
		C5173D2E510B0B49511C3B4F /* Frameworks */ = {
			isa = PBXGroup;
			children = (
				19613E723FF06FDBD39A2AC4 /* libPods.a */,
			);
			name = Frameworks;
			sourceTree = "<group>";
		};
		DCF4002436C0BFD1BE7972C8 /* Pods */ = {
			isa = PBXGroup;
			children = (
				59BBFF3A208B049105C30843 /* Pods.debug.xcconfig */,
				5A9627C4F0B281164C491B2C /* Pods.release.xcconfig */,
			);
			name = Pods;
			sourceTree = "<group>";
		};
/* End PBXGroup section */

/* Begin PBXNativeTarget section */
		343068E21BB27BF200EA2BD0 /* NoEjectDelay Utility */ = {
			isa = PBXNativeTarget;
			buildConfigurationList = 343068F41BB27BF200EA2BD0 /* Build configuration list for PBXNativeTarget "NoEjectDelay Utility" */;
			buildPhases = (
				4F2AFC8FD474CDE4A421EA3D /* Check Pods Manifest.lock */,
				343068DF1BB27BF200EA2BD0 /* Sources */,
				343068E01BB27BF200EA2BD0 /* Frameworks */,
				343068E11BB27BF200EA2BD0 /* Resources */,
				1EDFA179468F68D56E51F83D /* Copy Pods Resources */,
				90E7FD80867D09BE145D91B4 /* Embed Pods Frameworks */,
			);
			buildRules = (
			);
			dependencies = (
			);
			name = "NoEjectDelay Utility";
			productName = NoEjectDelay;
			productReference = 343068E31BB27BF200EA2BD0 /* NoEjectDelay Utility.app */;
			productType = "com.apple.product-type.application";
		};
/* End PBXNativeTarget section */

/* Begin PBXProject section */
		343068DB1BB27BF200EA2BD0 /* Project object */ = {
			isa = PBXProject;
			attributes = {
				LastUpgradeCheck = 0700;
				ORGANIZATIONNAME = "Takayama Fumihiko";
				TargetAttributes = {
					343068E21BB27BF200EA2BD0 = {
						CreatedOnToolsVersion = 7.0;
					};
				};
			};
			buildConfigurationList = 343068DE1BB27BF200EA2BD0 /* Build configuration list for PBXProject "NoEjectDelay Utility" */;
			compatibilityVersion = "Xcode 3.2";
			developmentRegion = English;
			hasScannedForEncodings = 0;
			knownRegions = (
				en,
				Base,
			);
			mainGroup = 343068DA1BB27BF200EA2BD0;
			productRefGroup = 343068E41BB27BF200EA2BD0 /* Products */;
			projectDirPath = "";
			projectRoot = "";
			targets = (
				343068E21BB27BF200EA2BD0 /* NoEjectDelay Utility */,
			);
		};
/* End PBXProject section */

/* Begin PBXResourcesBuildPhase section */
		343068E11BB27BF200EA2BD0 /* Resources */ = {
			isa = PBXResourcesBuildPhase;
			buildActionMask = 2147483647;
			files = (
				3413902A1BBEDCD800D904A4 /* NoEjectDelay_pub.pem in Resources */,
				34436D2E1BBEDD88003226AF /* MainMenu.xib in Resources */,
				34436D2B1BBEDD6B003226AF /* 1024.png in Resources */,
				341390281BBEDCCB00D904A4 /* Info.plist in Resources */,
				341390231BBEDCA900D904A4 /* Assets.xcassets in Resources */,
			);
			runOnlyForDeploymentPostprocessing = 0;
		};
/* End PBXResourcesBuildPhase section */

/* Begin PBXShellScriptBuildPhase section */
		1EDFA179468F68D56E51F83D /* Copy Pods Resources */ = {
			isa = PBXShellScriptBuildPhase;
			buildActionMask = 2147483647;
			files = (
			);
			inputPaths = (
			);
			name = "Copy Pods Resources";
			outputPaths = (
			);
			runOnlyForDeploymentPostprocessing = 0;
			shellPath = /bin/sh;
			shellScript = "\"${SRCROOT}/Pods/Target Support Files/Pods/Pods-resources.sh\"\n";
			showEnvVarsInLog = 0;
		};
		4F2AFC8FD474CDE4A421EA3D /* Check Pods Manifest.lock */ = {
			isa = PBXShellScriptBuildPhase;
			buildActionMask = 2147483647;
			files = (
			);
			inputPaths = (
			);
			name = "Check Pods Manifest.lock";
			outputPaths = (
			);
			runOnlyForDeploymentPostprocessing = 0;
			shellPath = /bin/sh;
			shellScript = "diff \"${PODS_ROOT}/../Podfile.lock\" \"${PODS_ROOT}/Manifest.lock\" > /dev/null\nif [[ $? != 0 ]] ; then\n    cat << EOM\nerror: The sandbox is not in sync with the Podfile.lock. Run 'pod install' or update your CocoaPods installation.\nEOM\n    exit 1\nfi\n";
			showEnvVarsInLog = 0;
		};
		90E7FD80867D09BE145D91B4 /* Embed Pods Frameworks */ = {
			isa = PBXShellScriptBuildPhase;
			buildActionMask = 2147483647;
			files = (
			);
			inputPaths = (
			);
			name = "Embed Pods Frameworks";
			outputPaths = (
			);
			runOnlyForDeploymentPostprocessing = 0;
			shellPath = /bin/sh;
			shellScript = "\"${SRCROOT}/Pods/Target Support Files/Pods/Pods-frameworks.sh\"\n";
			showEnvVarsInLog = 0;
		};
/* End PBXShellScriptBuildPhase section */

/* Begin PBXSourcesBuildPhase section */
		343068DF1BB27BF200EA2BD0 /* Sources */ = {
			isa = PBXSourcesBuildPhase;
			buildActionMask = 2147483647;
			files = (
				341390221BBEDCA900D904A4 /* AppDelegate.m in Sources */,
				3413902C1BBEDCFD00D904A4 /* main.m in Sources */,
				341390261BBEDCB700D904A4 /* Updater.m in Sources */,
			);
			runOnlyForDeploymentPostprocessing = 0;
		};
/* End PBXSourcesBuildPhase section */

/* Begin PBXVariantGroup section */
		34436D2C1BBEDD88003226AF /* MainMenu.xib */ = {
			isa = PBXVariantGroup;
			children = (
				34436D2D1BBEDD88003226AF /* Base */,
			);
			name = MainMenu.xib;
			sourceTree = "<group>";
		};
/* End PBXVariantGroup section */

/* Begin XCBuildConfiguration section */
		343068F31BB27BF200EA2BD0 /* Release */ = {
			isa = XCBuildConfiguration;
			buildSettings = {
				ALWAYS_SEARCH_USER_PATHS = NO;
				CLANG_CXX_LANGUAGE_STANDARD = "gnu++0x";
				CLANG_CXX_LIBRARY = "libc++";
				CLANG_ENABLE_MODULES = YES;
				CLANG_ENABLE_OBJC_ARC = YES;
				CLANG_WARN_BOOL_CONVERSION = YES;
				CLANG_WARN_CONSTANT_CONVERSION = YES;
				CLANG_WARN_DIRECT_OBJC_ISA_USAGE = YES_ERROR;
				CLANG_WARN_EMPTY_BODY = YES;
				CLANG_WARN_ENUM_CONVERSION = YES;
				CLANG_WARN_INT_CONVERSION = YES;
				CLANG_WARN_OBJC_ROOT_CLASS = YES_ERROR;
				CLANG_WARN_UNREACHABLE_CODE = YES;
				CLANG_WARN__DUPLICATE_METHOD_MATCH = YES;
				CODE_SIGN_IDENTITY = "";
				COPY_PHASE_STRIP = NO;
				DEBUG_INFORMATION_FORMAT = "dwarf-with-dsym";
				ENABLE_NS_ASSERTIONS = NO;
				ENABLE_STRICT_OBJC_MSGSEND = YES;
				GCC_C_LANGUAGE_STANDARD = gnu99;
				GCC_NO_COMMON_BLOCKS = YES;
				GCC_TREAT_WARNINGS_AS_ERRORS = YES;
				GCC_WARN_64_TO_32_BIT_CONVERSION = YES;
				GCC_WARN_ABOUT_RETURN_TYPE = YES;
				GCC_WARN_UNDECLARED_SELECTOR = YES;
				GCC_WARN_UNINITIALIZED_AUTOS = YES;
				GCC_WARN_UNUSED_FUNCTION = YES;
				GCC_WARN_UNUSED_VARIABLE = YES;
				MACOSX_DEPLOYMENT_TARGET = 10.11;
				MTL_ENABLE_DEBUG_INFO = NO;
				SDKROOT = macosx;
			};
			name = Release;
		};
		343068F61BB27BF200EA2BD0 /* Release */ = {
			isa = XCBuildConfiguration;
			baseConfigurationReference = 5A9627C4F0B281164C491B2C /* Pods.release.xcconfig */;
			buildSettings = {
				ASSETCATALOG_COMPILER_APPICON_NAME = AppIcon;
				COMBINE_HIDPI_IMAGES = YES;
				INFOPLIST_FILE = "$(SRCROOT)/NoEjectDelay Utility/Info.plist";
				LD_RUNPATH_SEARCH_PATHS = "$(inherited) @executable_path/../Frameworks";
				PRODUCT_BUNDLE_IDENTIFIER = org.pqrs.NoEjectDelay;
				PRODUCT_NAME = "NoEjectDelay Utility";
			};
			name = Release;
		};
/* End XCBuildConfiguration section */

/* Begin XCConfigurationList section */
		343068DE1BB27BF200EA2BD0 /* Build configuration list for PBXProject "NoEjectDelay Utility" */ = {
			isa = XCConfigurationList;
			buildConfigurations = (
				343068F31BB27BF200EA2BD0 /* Release */,
			);
			defaultConfigurationIsVisible = 0;
			defaultConfigurationName = Release;
		};
		343068F41BB27BF200EA2BD0 /* Build configuration list for PBXNativeTarget "NoEjectDelay Utility" */ = {
			isa = XCConfigurationList;
			buildConfigurations = (
				343068F61BB27BF200EA2BD0 /* Release */,
			);
			defaultConfigurationIsVisible = 0;
			defaultConfigurationName = Release;
		};
/* End XCConfigurationList section */
	};
	rootObject = 343068DB1BB27BF200EA2BD0 /* Project object */;
}
