// !$*UTF8*$!
{
	archiveVersion = 1;
	classes = {
	};
	objectVersion = 46;
	objects = {

/* Begin PBXBuildFile section */
		346DC2721BB0465B0051D3CF /* AppDelegate.swift in Sources */ = {isa = PBXBuildFile; fileRef = 346DC2711BB0465B0051D3CF /* AppDelegate.swift */; };
		346DC2741BB0465B0051D3CF /* Assets.xcassets in Resources */ = {isa = PBXBuildFile; fileRef = 346DC2731BB0465B0051D3CF /* Assets.xcassets */; };
		346DC2771BB0465B0051D3CF /* MainMenu.xib in Resources */ = {isa = PBXBuildFile; fileRef = 346DC2751BB0465B0051D3CF /* MainMenu.xib */; };
		34A4EBD11BB05CCE00CA0A37 /* 1024.png in Resources */ = {isa = PBXBuildFile; fileRef = 34A4EBD01BB05CCE00CA0A37 /* 1024.png */; settings = {ASSET_TAGS = (); }; };
/* End PBXBuildFile section */

/* Begin PBXFileReference section */
		346DC26E1BB0465B0051D3CF /* NoEjectDelay.app */ = {isa = PBXFileReference; explicitFileType = wrapper.application; includeInIndex = 0; path = NoEjectDelay.app; sourceTree = BUILT_PRODUCTS_DIR; };
		346DC2711BB0465B0051D3CF /* AppDelegate.swift */ = {isa = PBXFileReference; lastKnownFileType = sourcecode.swift; path = AppDelegate.swift; sourceTree = "<group>"; };
		346DC2731BB0465B0051D3CF /* Assets.xcassets */ = {isa = PBXFileReference; lastKnownFileType = folder.assetcatalog; path = Assets.xcassets; sourceTree = "<group>"; };
		346DC2761BB0465B0051D3CF /* Base */ = {isa = PBXFileReference; lastKnownFileType = file.xib; name = Base; path = Base.lproj/MainMenu.xib; sourceTree = "<group>"; };
		346DC2781BB0465B0051D3CF /* Info.plist */ = {isa = PBXFileReference; lastKnownFileType = text.plist.xml; path = Info.plist; sourceTree = "<group>"; };
		34A4EBD01BB05CCE00CA0A37 /* 1024.png */ = {isa = PBXFileReference; lastKnownFileType = image.png; name = 1024.png; path = ../../share/Resources/icons/1024.png; sourceTree = "<group>"; };
/* End PBXFileReference section */

/* Begin PBXFrameworksBuildPhase section */
		346DC26B1BB0465B0051D3CF /* Frameworks */ = {
			isa = PBXFrameworksBuildPhase;
			buildActionMask = 2147483647;
			files = (
			);
			runOnlyForDeploymentPostprocessing = 0;
		};
/* End PBXFrameworksBuildPhase section */

/* Begin PBXGroup section */
		346DC2651BB0465B0051D3CF = {
			isa = PBXGroup;
			children = (
				346DC2701BB0465B0051D3CF /* NoEjectDelay */,
				346DC26F1BB0465B0051D3CF /* Products */,
			);
			sourceTree = "<group>";
		};
		346DC26F1BB0465B0051D3CF /* Products */ = {
			isa = PBXGroup;
			children = (
				346DC26E1BB0465B0051D3CF /* NoEjectDelay.app */,
			);
			name = Products;
			sourceTree = "<group>";
		};
		346DC2701BB0465B0051D3CF /* NoEjectDelay */ = {
			isa = PBXGroup;
			children = (
				346DC2711BB0465B0051D3CF /* AppDelegate.swift */,
				346DC2731BB0465B0051D3CF /* Assets.xcassets */,
				346DC2781BB0465B0051D3CF /* Info.plist */,
				346DC2751BB0465B0051D3CF /* MainMenu.xib */,
				34A4EBCF1BB05CB800CA0A37 /* Resources */,
			);
			path = NoEjectDelay;
			sourceTree = "<group>";
		};
		34A4EBCF1BB05CB800CA0A37 /* Resources */ = {
			isa = PBXGroup;
			children = (
				34A4EBD01BB05CCE00CA0A37 /* 1024.png */,
			);
			name = Resources;
			path = ..;
			sourceTree = "<group>";
		};
/* End PBXGroup section */

/* Begin PBXNativeTarget section */
		346DC26D1BB0465B0051D3CF /* NoEjectDelay */ = {
			isa = PBXNativeTarget;
			buildConfigurationList = 346DC27B1BB0465B0051D3CF /* Build configuration list for PBXNativeTarget "NoEjectDelay" */;
			buildPhases = (
				346DC26A1BB0465B0051D3CF /* Sources */,
				346DC26B1BB0465B0051D3CF /* Frameworks */,
				346DC26C1BB0465B0051D3CF /* Resources */,
			);
			buildRules = (
			);
			dependencies = (
			);
			name = NoEjectDelay;
			productName = NoEjectDelay;
			productReference = 346DC26E1BB0465B0051D3CF /* NoEjectDelay.app */;
			productType = "com.apple.product-type.application";
		};
/* End PBXNativeTarget section */

/* Begin PBXProject section */
		346DC2661BB0465B0051D3CF /* Project object */ = {
			isa = PBXProject;
			attributes = {
				LastUpgradeCheck = 0700;
				TargetAttributes = {
					346DC26D1BB0465B0051D3CF = {
						CreatedOnToolsVersion = 7.0;
					};
				};
			};
			buildConfigurationList = 346DC2691BB0465B0051D3CF /* Build configuration list for PBXProject "NoEjectDelay" */;
			compatibilityVersion = "Xcode 3.2";
			developmentRegion = English;
			hasScannedForEncodings = 0;
			knownRegions = (
				en,
				Base,
			);
			mainGroup = 346DC2651BB0465B0051D3CF;
			productRefGroup = 346DC26F1BB0465B0051D3CF /* Products */;
			projectDirPath = "";
			projectRoot = "";
			targets = (
				346DC26D1BB0465B0051D3CF /* NoEjectDelay */,
			);
		};
/* End PBXProject section */

/* Begin PBXResourcesBuildPhase section */
		346DC26C1BB0465B0051D3CF /* Resources */ = {
			isa = PBXResourcesBuildPhase;
			buildActionMask = 2147483647;
			files = (
				34A4EBD11BB05CCE00CA0A37 /* 1024.png in Resources */,
				346DC2741BB0465B0051D3CF /* Assets.xcassets in Resources */,
				346DC2771BB0465B0051D3CF /* MainMenu.xib in Resources */,
			);
			runOnlyForDeploymentPostprocessing = 0;
		};
/* End PBXResourcesBuildPhase section */

/* Begin PBXSourcesBuildPhase section */
		346DC26A1BB0465B0051D3CF /* Sources */ = {
			isa = PBXSourcesBuildPhase;
			buildActionMask = 2147483647;
			files = (
				346DC2721BB0465B0051D3CF /* AppDelegate.swift in Sources */,
			);
			runOnlyForDeploymentPostprocessing = 0;
		};
/* End PBXSourcesBuildPhase section */

/* Begin PBXVariantGroup section */
		346DC2751BB0465B0051D3CF /* MainMenu.xib */ = {
			isa = PBXVariantGroup;
			children = (
				346DC2761BB0465B0051D3CF /* Base */,
			);
			name = MainMenu.xib;
			sourceTree = "<group>";
		};
/* End PBXVariantGroup section */

/* Begin XCBuildConfiguration section */
		346DC27A1BB0465B0051D3CF /* Release */ = {
			isa = XCBuildConfiguration;
			buildSettings = {
				ALWAYS_SEARCH_USER_PATHS = NO;
				CLANG_CXX_LANGUAGE_STANDARD = "gnu++0x";
				CLANG_CXX_LIBRARY = "libc++";
				CLANG_ENABLE_MODULES = YES;
				CLANG_ENABLE_OBJC_ARC = YES;
				CLANG_WARN_BOOL_CONVERSION = YES;
				CLANG_WARN_CONSTANT_CONVERSION = YES;
				CLANG_WARN_DIRECT_OBJC_ISA_USAGE = YES_ERROR;
				CLANG_WARN_EMPTY_BODY = YES;
				CLANG_WARN_ENUM_CONVERSION = YES;
				CLANG_WARN_INT_CONVERSION = YES;
				CLANG_WARN_OBJC_ROOT_CLASS = YES_ERROR;
				CLANG_WARN_UNREACHABLE_CODE = YES;
				CLANG_WARN__DUPLICATE_METHOD_MATCH = YES;
				CODE_SIGN_IDENTITY = "";
				COPY_PHASE_STRIP = NO;
				DEBUG_INFORMATION_FORMAT = "dwarf-with-dsym";
				ENABLE_NS_ASSERTIONS = NO;
				ENABLE_STRICT_OBJC_MSGSEND = YES;
				GCC_C_LANGUAGE_STANDARD = gnu99;
				GCC_NO_COMMON_BLOCKS = YES;
				GCC_TREAT_WARNINGS_AS_ERRORS = YES;
				GCC_WARN_64_TO_32_BIT_CONVERSION = YES;
				GCC_WARN_ABOUT_RETURN_TYPE = YES;
				GCC_WARN_UNDECLARED_SELECTOR = YES;
				GCC_WARN_UNINITIALIZED_AUTOS = YES;
				GCC_WARN_UNUSED_FUNCTION = YES;
				GCC_WARN_UNUSED_VARIABLE = YES;
				MACOSX_DEPLOYMENT_TARGET = 10.10;
				MTL_ENABLE_DEBUG_INFO = NO;
				SDKROOT = macosx;
			};
			name = Release;
		};
		346DC27D1BB0465B0051D3CF /* Release */ = {
			isa = XCBuildConfiguration;
			buildSettings = {
				ASSETCATALOG_COMPILER_APPICON_NAME = AppIcon;
				COMBINE_HIDPI_IMAGES = YES;
				INFOPLIST_FILE = NoEjectDelay/Info.plist;
				LD_RUNPATH_SEARCH_PATHS = "$(inherited) @executable_path/../Frameworks";
				PRODUCT_BUNDLE_IDENTIFIER = org.pqrs.NoEjectDelay;
				PRODUCT_NAME = "$(TARGET_NAME)";
			};
			name = Release;
		};
/* End XCBuildConfiguration section */

/* Begin XCConfigurationList section */
		346DC2691BB0465B0051D3CF /* Build configuration list for PBXProject "NoEjectDelay" */ = {
			isa = XCConfigurationList;
			buildConfigurations = (
				346DC27A1BB0465B0051D3CF /* Release */,
			);
			defaultConfigurationIsVisible = 0;
			defaultConfigurationName = Release;
		};
		346DC27B1BB0465B0051D3CF /* Build configuration list for PBXNativeTarget "NoEjectDelay" */ = {
			isa = XCConfigurationList;
			buildConfigurations = (
				346DC27D1BB0465B0051D3CF /* Release */,
			);
			defaultConfigurationIsVisible = 0;
			defaultConfigurationName = Release;
		};
/* End XCConfigurationList section */
	};
	rootObject = 346DC2661BB0465B0051D3CF /* Project object */;
}
